
Microsoft Visual Studio Solution File, Format Version 12.00
# Visual Studio Version 17
VisualStudioVersion = 17.3.32929.385
MinimumVisualStudioVersion = 10.0.40219.1
Project("{2150E333-8FDC-42A3-9474-1A3956D46DE8}") = "Core", "Core", "{71AC6D0A-CCC0-4F6D-A875-EDAB0694683C}"
EndProject
Project("{2150E333-8FDC-42A3-9474-1A3956D46DE8}") = "Infrastructure", "Infrastructure", "{9D52B83C-113B-4D93-B8C6-E01D36FF8C1E}"
EndProject
Project("{2150E333-8FDC-42A3-9474-1A3956D46DE8}") = "Presentation", "Presentation", "{5AF4F8B7-D1B7-4B18-BA6E-9F8FCDB87021}"
EndProject
Project("{2150E333-8FDC-42A3-9474-1A3956D46DE8}") = "Tests", "Tests", "{DD7F58AF-D127-4A6E-B3F3-369ADB058CF4}"
EndProject
Project("{FAE04EC0-301F-11D3-BF4B-00C04F79EFBC}") = "Records.Domain", "Records.Domain\Records.Domain.csproj", "{F754CF01-CC26-4D35-B241-74D13632C70B}"
EndProject
Project("{FAE04EC0-301F-11D3-BF4B-00C04F79EFBC}") = "Records.Application", "Records.Application\Records.Application.csproj", "{0F62A16F-DF41-452F-AA6E-1A9FA88B37A6}"
EndProject
Project("{FAE04EC0-301F-11D3-BF4B-00C04F79EFBC}") = "Records.Persistence", "Records.Persistence\Records.Persistence.csproj", "{02F7FE82-71EB-458C-AADE-BAD38363C627}"
EndProject
Project("{FAE04EC0-301F-11D3-BF4B-00C04F79EFBC}") = "Records.WebApi", "Records.WebApi\Records.WebApi.csproj", "{2076474A-B117-411D-8673-E477185BF330}"
EndProject
Global
	GlobalSection(SolutionConfigurationPlatforms) = preSolution
		Debug|Any CPU = Debug|Any CPU
		Release|Any CPU = Release|Any CPU
	EndGlobalSection
	GlobalSection(ProjectConfigurationPlatforms) = postSolution
		{F754CF01-CC26-4D35-B241-74D13632C70B}.Debug|Any CPU.ActiveCfg = Debug|Any CPU
		{F754CF01-CC26-4D35-B241-74D13632C70B}.Debug|Any CPU.Build.0 = Debug|Any CPU
		{F754CF01-CC26-4D35-B241-74D13632C70B}.Release|Any CPU.ActiveCfg = Release|Any CPU
		{F754CF01-CC26-4D35-B241-74D13632C70B}.Release|Any CPU.Build.0 = Release|Any CPU
		{0F62A16F-DF41-452F-AA6E-1A9FA88B37A6}.Debug|Any CPU.ActiveCfg = Debug|Any CPU
		{0F62A16F-DF41-452F-AA6E-1A9FA88B37A6}.Debug|Any CPU.Build.0 = Debug|Any CPU
		{0F62A16F-DF41-452F-AA6E-1A9FA88B37A6}.Release|Any CPU.ActiveCfg = Release|Any CPU
		{0F62A16F-DF41-452F-AA6E-1A9FA88B37A6}.Release|Any CPU.Build.0 = Release|Any CPU
		{02F7FE82-71EB-458C-AADE-BAD38363C627}.Debug|Any CPU.ActiveCfg = Debug|Any CPU
		{02F7FE82-71EB-458C-AADE-BAD38363C627}.Debug|Any CPU.Build.0 = Debug|Any CPU
		{02F7FE82-71EB-458C-AADE-BAD38363C627}.Release|Any CPU.ActiveCfg = Release|Any CPU
		{02F7FE82-71EB-458C-AADE-BAD38363C627}.Release|Any CPU.Build.0 = Release|Any CPU
		{2076474A-B117-411D-8673-E477185BF330}.Debug|Any CPU.ActiveCfg = Debug|Any CPU
		{2076474A-B117-411D-8673-E477185BF330}.Debug|Any CPU.Build.0 = Debug|Any CPU
		{2076474A-B117-411D-8673-E477185BF330}.Release|Any CPU.ActiveCfg = Release|Any CPU
		{2076474A-B117-411D-8673-E477185BF330}.Release|Any CPU.Build.0 = Release|Any CPU
	EndGlobalSection
	GlobalSection(SolutionProperties) = preSolution
		HideSolutionNode = FALSE
	EndGlobalSection
	GlobalSection(NestedProjects) = preSolution
		{F754CF01-CC26-4D35-B241-74D13632C70B} = {71AC6D0A-CCC0-4F6D-A875-EDAB0694683C}
		{0F62A16F-DF41-452F-AA6E-1A9FA88B37A6} = {71AC6D0A-CCC0-4F6D-A875-EDAB0694683C}
		{02F7FE82-71EB-458C-AADE-BAD38363C627} = {9D52B83C-113B-4D93-B8C6-E01D36FF8C1E}
		{2076474A-B117-411D-8673-E477185BF330} = {5AF4F8B7-D1B7-4B18-BA6E-9F8FCDB87021}
	EndGlobalSection
	GlobalSection(ExtensibilityGlobals) = postSolution
		SolutionGuid = {36A7A067-2CEB-4BFE-B525-EEB48BC934E4}
	EndGlobalSection
EndGlobal
